
Microsoft Visual Studio Solution File, Format Version 12.00
# Visual Studio 15
VisualStudioVersion = 15.0.27703.2000
MinimumVisualStudioVersion = 10.0.40219.1
Project("{FAE04EC0-301F-11D3-BF4B-00C04F79EFBC}") = "WindowsForms.DataAnnotationsValidation", "WindowsForms.DataAnnotationsValidation\WindowsForms.DataAnnotationsValidation.csproj", "{D0AEEAD6-F563-407F-85C0-2B2ED5CB6389}"
EndProject
Project("{2150E333-8FDC-42A3-9474-1A3956D46DE8}") = "SolutionItems", "SolutionItems", "{9A86FA1F-45D0-4EA3-B6CF-32349261858B}"
	ProjectSection(SolutionItems) = preProject
		..\README.md = ..\README.md
		..\validation-details.png = ..\validation-details.png
		..\validation-grid.png = ..\validation-grid.png
		..\validation.png = ..\validation.png
	EndProjectSection
EndProject
Global
	GlobalSection(SolutionConfigurationPlatforms) = preSolution
		Debug|Any CPU = Debug|Any CPU
		Release|Any CPU = Release|Any CPU
	EndGlobalSection
	GlobalSection(ProjectConfigurationPlatforms) = postSolution
		{D0AEEAD6-F563-407F-85C0-2B2ED5CB6389}.Debug|Any CPU.ActiveCfg = Debug|Any CPU
		{D0AEEAD6-F563-407F-85C0-2B2ED5CB6389}.Debug|Any CPU.Build.0 = Debug|Any CPU
		{D0AEEAD6-F563-407F-85C0-2B2ED5CB6389}.Release|Any CPU.ActiveCfg = Release|Any CPU
		{D0AEEAD6-F563-407F-85C0-2B2ED5CB6389}.Release|Any CPU.Build.0 = Release|Any CPU
	EndGlobalSection
	GlobalSection(SolutionProperties) = preSolution
		HideSolutionNode = FALSE
	EndGlobalSection
	GlobalSection(ExtensibilityGlobals) = postSolution
		SolutionGuid = {82898CD9-F342-4333-86B5-D3ED168722EC}
	EndGlobalSection
EndGlobal
